{
    "name": "ger",
    "version": "0.0.99",
    "lockfileVersion": 1,
    "requires": true,
    "dependencies": {
        "ansi-regex": {
            "version": "2.1.1",
            "resolved": "https://registry.npmjs.org/ansi-regex/-/ansi-regex-2.1.1.tgz",
            "integrity": "sha1-w7M6te42DYbg5ijwRorn7yfWVN8="
        },
        "ansi-styles": {
            "version": "2.2.1",
            "resolved": "https://registry.npmjs.org/ansi-styles/-/ansi-styles-2.2.1.tgz",
            "integrity": "sha1-tDLdM1i2NM914eRmQ2gkBTPB3b4="
        },
        "arr-diff": {
            "version": "2.0.0",
            "resolved": "https://registry.npmjs.org/arr-diff/-/arr-diff-2.0.0.tgz",
            "integrity": "sha1-jzuCf5Vai9ZpaX5KQlasPOrjVs8=",
            "requires": {
                "arr-flatten": "^1.0.1"
            }
        },
        "arr-flatten": {
            "version": "1.1.0",
            "resolved": "https://registry.npmjs.org/arr-flatten/-/arr-flatten-1.1.0.tgz",
            "integrity": "sha512-L3hKV5R/p5o81R7O02IGnwpDmkp6E982XhtbuwSe3O4qOtMMMtodicASA1Cny2U+aCXcNpml+m4dPsvsJ3jatg=="
        },
        "array-unique": {
            "version": "0.2.1",
            "resolved": "https://registry.npmjs.org/array-unique/-/array-unique-0.2.1.tgz",
            "integrity": "sha1-odl8yvy8JiXMcPrc6zalDFiwGlM="
        },
        "assertion-error": {
            "version": "1.0.0",
            "resolved": "https://registry.npmjs.org/assertion-error/-/assertion-error-1.0.0.tgz",
            "integrity": "sha1-x/hUOP3UZrx8oWq5DIFRN5el0js=",
            "dev": true
        },
        "babel-runtime": {
            "version": "6.26.0",
            "resolved": "https://registry.npmjs.org/babel-runtime/-/babel-runtime-6.26.0.tgz",
            "integrity": "sha1-llxwWGaOgrVde/4E/yM3vItWR/4=",
            "requires": {
                "core-js": "^2.4.0",
                "regenerator-runtime": "^0.11.0"
            }
        },
        "balanced-match": {
            "version": "1.0.0",
            "resolved": "https://registry.npmjs.org/balanced-match/-/balanced-match-1.0.0.tgz",
            "integrity": "sha1-ibTRmasr7kneFk6gK4nORi1xt2c=",
            "dev": true
        },
        "bluebird": {
            "version": "2.9.25",
            "resolved": "http://registry.npmjs.org/bluebird/-/bluebird-2.9.25.tgz",
            "integrity": "sha1-bja9BAZNlTTAcWC59/JsWnOP4Wo="
        },
        "brace-expansion": {
            "version": "1.1.11",
            "resolved": "https://registry.npmjs.org/brace-expansion/-/brace-expansion-1.1.11.tgz",
            "integrity": "sha512-iCuPHDFgrHX7H2vEI/5xpz07zSHB00TpugqhmYtVmMO6518mCuRMoOYFldEBl0g187ufozdaHgWKcYFb61qGiA==",
            "dev": true,
            "requires": {
                "balanced-match": "^1.0.0",
                "concat-map": "0.0.1"
            }
        },
        "braces": {
            "version": "1.8.5",
            "resolved": "https://registry.npmjs.org/braces/-/braces-1.8.5.tgz",
            "integrity": "sha1-uneWLhLf+WnWt2cR6RS3N4V79qc=",
            "requires": {
                "expand-range": "^1.8.1",
                "preserve": "^0.2.0",
                "repeat-element": "^1.1.2"
            }
        },
        "browser-stdout": {
            "version": "1.3.1",
            "resolved": "https://registry.npmjs.org/browser-stdout/-/browser-stdout-1.3.1.tgz",
            "integrity": "sha512-qhAVI1+Av2X7qelOfAIYwXONood6XlZE/fXaBSmW/T5SzLAmCgzi+eiWE7fUvbHaeNBQH13UftjpXxsfLkMpgw==",
            "dev": true
        },
        "buffer-writer": {
            "version": "2.0.0",
            "resolved": "https://registry.npmjs.org/buffer-writer/-/buffer-writer-2.0.0.tgz",
            "integrity": "sha512-a7ZpuTZU1TRtnwyCNW3I5dc0wWNC3VR9S++Ewyk2HHZdrO3CQJqSpd+95Us590V6AL7JqUAH2IwZ/398PmNFgw=="
        },
        "chai": {
            "version": "1.9.1",
            "resolved": "http://registry.npmjs.org/chai/-/chai-1.9.1.tgz",
            "integrity": "sha1-NxG7ZwbhVo80wLNgmL+PGUVcga4=",
            "dev": true,
            "requires": {
                "assertion-error": "1.0.0",
                "deep-eql": "0.1.3"
            }
        },
        "chalk": {
            "version": "1.1.3",
            "resolved": "http://registry.npmjs.org/chalk/-/chalk-1.1.3.tgz",
            "integrity": "sha1-qBFcVeSnAv5NFQq9OHKCKn4J/Jg=",
            "requires": {
                "ansi-styles": "^2.2.1",
                "escape-string-regexp": "^1.0.2",
                "has-ansi": "^2.0.0",
                "strip-ansi": "^3.0.0",
                "supports-color": "^2.0.0"
            }
        },
        "coffee-script": {
            "version": "1.9.3",
            "resolved": "https://registry.npmjs.org/coffee-script/-/coffee-script-1.9.3.tgz",
            "integrity": "sha1-WW5ug/z8tnxZZKtw1ES+/wrASsc="
        },
        "commander": {
            "version": "2.19.0",
            "resolved": "https://registry.npmjs.org/commander/-/commander-2.19.0.tgz",
            "integrity": "sha512-6tvAOO+D6OENvRAh524Dh9jcfKTYDQAqvqezbCW82xj5X0pSrcpxtvRKHLG0yBY6SD7PSDrJaj+0AiOcKVd1Xg=="
        },
        "concat-map": {
            "version": "0.0.1",
            "resolved": "https://registry.npmjs.org/concat-map/-/concat-map-0.0.1.tgz",
            "integrity": "sha1-2Klr13/Wjfd5OnMDajug1UBdR3s=",
            "dev": true
        },
        "core-js": {
            "version": "2.5.7",
            "resolved": "https://registry.npmjs.org/core-js/-/core-js-2.5.7.tgz",
            "integrity": "sha512-RszJCAxg/PP6uzXVXL6BsxSXx/B05oJAQ2vkJRjyjrEcNVycaqOmNb5OTxZPE3xa5gwZduqza6L9JOCenh/Ecw=="
        },
        "core-util-is": {
            "version": "1.0.2",
            "resolved": "https://registry.npmjs.org/core-util-is/-/core-util-is-1.0.2.tgz",
            "integrity": "sha1-tf1UIgqivFq1eqtxQMlAdUUDwac="
        },
        "debug": {
            "version": "2.6.9",
            "resolved": "https://registry.npmjs.org/debug/-/debug-2.6.9.tgz",
            "integrity": "sha512-bC7ElrdJaJnPbAP+1EotYvqZsb3ecl5wi6Bfi6BJTUcNowp6cvspg0jXznRTKDjm/E7AdgFBVeAPVMNcKGsHMA==",
            "requires": {
                "ms": "2.0.0"
            }
        },
        "deep-eql": {
            "version": "0.1.3",
            "resolved": "http://registry.npmjs.org/deep-eql/-/deep-eql-0.1.3.tgz",
            "integrity": "sha1-71WKyrjeJSBs1xOQbXTlaTDrafI=",
            "dev": true,
            "requires": {
                "type-detect": "0.1.1"
            }
        },
        "detect-file": {
            "version": "0.1.0",
            "resolved": "https://registry.npmjs.org/detect-file/-/detect-file-0.1.0.tgz",
            "integrity": "sha1-STXe39lIhkjgBrASlWbpOGcR6mM=",
            "requires": {
                "fs-exists-sync": "^0.1.0"
            }
        },
        "diff": {
            "version": "3.5.0",
            "resolved": "https://registry.npmjs.org/diff/-/diff-3.5.0.tgz",
            "integrity": "sha512-A46qtFgd+g7pDZinpnwiRJtxbC1hpgf0uzP3iG89scHk0AUC7A1TGxf5OiiOUv/JMZR8GOt8hL900hV0bOy5xA==",
            "dev": true
        },
        "escape-string-regexp": {
            "version": "1.0.5",
            "resolved": "https://registry.npmjs.org/escape-string-regexp/-/escape-string-regexp-1.0.5.tgz",
            "integrity": "sha1-G2HAViGQqN/2rjuyzwIAyhMLhtQ="
        },
        "expand-brackets": {
            "version": "0.1.5",
            "resolved": "https://registry.npmjs.org/expand-brackets/-/expand-brackets-0.1.5.tgz",
            "integrity": "sha1-3wcoTjQqgHzXM6xa9yQR5YHRF3s=",
            "requires": {
                "is-posix-bracket": "^0.1.0"
            }
        },
        "expand-range": {
            "version": "1.8.2",
            "resolved": "https://registry.npmjs.org/expand-range/-/expand-range-1.8.2.tgz",
            "integrity": "sha1-opnv/TNf4nIeuujiV+x5ZE/IUzc=",
            "requires": {
                "fill-range": "^2.1.0"
            }
        },
        "expand-tilde": {
            "version": "1.2.2",
            "resolved": "https://registry.npmjs.org/expand-tilde/-/expand-tilde-1.2.2.tgz",
            "integrity": "sha1-C4HrqJflo9MdHD0QL48BRB5VlEk=",
            "requires": {
                "os-homedir": "^1.0.1"
            }
        },
        "extend": {
            "version": "3.0.2",
            "resolved": "https://registry.npmjs.org/extend/-/extend-3.0.2.tgz",
            "integrity": "sha512-fjquC59cD7CyW6urNXK0FBufkZcoiGG80wTuPujX590cB5Ttln20E2UB4S/WARVqhXffZl2LNgS+gQdPIIim/g=="
        },
        "extglob": {
            "version": "0.3.2",
            "resolved": "https://registry.npmjs.org/extglob/-/extglob-0.3.2.tgz",
            "integrity": "sha1-Lhj/PS9JqydlzskCPwEdqo2DSaE=",
            "requires": {
                "is-extglob": "^1.0.0"
            }
        },
        "filename-regex": {
            "version": "2.0.1",
            "resolved": "https://registry.npmjs.org/filename-regex/-/filename-regex-2.0.1.tgz",
            "integrity": "sha1-wcS5vuPglyXdsQa3XB4wH+LxiyY="
        },
        "fill-range": {
            "version": "2.2.4",
            "resolved": "https://registry.npmjs.org/fill-range/-/fill-range-2.2.4.tgz",
            "integrity": "sha512-cnrcCbj01+j2gTG921VZPnHbjmdAf8oQV/iGeV2kZxGSyfYjjTyY79ErsK1WJWMpw6DaApEX72binqJE+/d+5Q==",
            "requires": {
                "is-number": "^2.1.0",
                "isobject": "^2.0.0",
                "randomatic": "^3.0.0",
                "repeat-element": "^1.1.2",
                "repeat-string": "^1.5.2"
            }
        },
        "findup-sync": {
            "version": "0.4.3",
            "resolved": "https://registry.npmjs.org/findup-sync/-/findup-sync-0.4.3.tgz",
            "integrity": "sha1-QAQ5Kee8YK3wt/SCfExudaDeyhI=",
            "requires": {
                "detect-file": "^0.1.0",
                "is-glob": "^2.0.1",
                "micromatch": "^2.3.7",
                "resolve-dir": "^0.1.0"
            }
        },
        "flagged-respawn": {
            "version": "0.3.2",
            "resolved": "https://registry.npmjs.org/flagged-respawn/-/flagged-respawn-0.3.2.tgz",
            "integrity": "sha1-/xke3c1wiKZ1smEP/8l2vpuAdLU="
        },
        "for-in": {
            "version": "1.0.2",
            "resolved": "https://registry.npmjs.org/for-in/-/for-in-1.0.2.tgz",
            "integrity": "sha1-gQaNKVqBQuwKxybG4iAMMPttXoA="
        },
        "for-own": {
            "version": "0.1.5",
            "resolved": "https://registry.npmjs.org/for-own/-/for-own-0.1.5.tgz",
            "integrity": "sha1-UmXGgaTylNq78XyVCbZ2OqhFEM4=",
            "requires": {
                "for-in": "^1.0.1"
            }
        },
        "fs-exists-sync": {
            "version": "0.1.0",
            "resolved": "https://registry.npmjs.org/fs-exists-sync/-/fs-exists-sync-0.1.0.tgz",
            "integrity": "sha1-mC1ok6+RjnLQjeyehnP/K1qNat0="
        },
        "fs.realpath": {
            "version": "1.0.0",
            "resolved": "https://registry.npmjs.org/fs.realpath/-/fs.realpath-1.0.0.tgz",
            "integrity": "sha1-FQStJSMVjKpA20onh8sBQRmU6k8=",
            "dev": true
        },
        "generic-pool": {
            "version": "2.5.4",
            "resolved": "https://registry.npmjs.org/generic-pool/-/generic-pool-2.5.4.tgz",
            "integrity": "sha1-OMYYhRPhQDCUjsblz2VSPZd5KZs="
        },
        "glob": {
            "version": "7.1.2",
            "resolved": "https://registry.npmjs.org/glob/-/glob-7.1.2.tgz",
            "integrity": "sha512-MJTUg1kjuLeQCJ+ccE4Vpa6kKVXkPYJ2mOCQyUuKLcLQsdrMCpBPUi8qVE6+YuaJkozeA9NusTAw3hLr8Xe5EQ==",
            "dev": true,
            "requires": {
                "fs.realpath": "^1.0.0",
                "inflight": "^1.0.4",
                "inherits": "2",
                "minimatch": "^3.0.4",
                "once": "^1.3.0",
                "path-is-absolute": "^1.0.0"
            }
        },
        "glob-base": {
            "version": "0.3.0",
            "resolved": "https://registry.npmjs.org/glob-base/-/glob-base-0.3.0.tgz",
            "integrity": "sha1-27Fk9iIbHAscz4Kuoyi0l98Oo8Q=",
            "requires": {
                "glob-parent": "^2.0.0",
                "is-glob": "^2.0.0"
            }
        },
        "glob-parent": {
            "version": "2.0.0",
            "resolved": "https://registry.npmjs.org/glob-parent/-/glob-parent-2.0.0.tgz",
            "integrity": "sha1-gTg9ctsFT8zPUzbaqQLxgvbtuyg=",
            "requires": {
                "is-glob": "^2.0.0"
            }
        },
        "global-modules": {
            "version": "0.2.3",
            "resolved": "https://registry.npmjs.org/global-modules/-/global-modules-0.2.3.tgz",
            "integrity": "sha1-6lo77ULG1s6ZWk+KEmm12uIjgo0=",
            "requires": {
                "global-prefix": "^0.1.4",
                "is-windows": "^0.2.0"
            }
        },
        "global-prefix": {
            "version": "0.1.5",
            "resolved": "https://registry.npmjs.org/global-prefix/-/global-prefix-0.1.5.tgz",
            "integrity": "sha1-jTvGuNo8qBEqFg2NSW/wRiv+948=",
            "requires": {
                "homedir-polyfill": "^1.0.0",
                "ini": "^1.3.4",
                "is-windows": "^0.2.0",
                "which": "^1.2.12"
            }
        },
        "growl": {
            "version": "1.10.5",
            "resolved": "https://registry.npmjs.org/growl/-/growl-1.10.5.tgz",
            "integrity": "sha512-qBr4OuELkhPenW6goKVXiv47US3clb3/IbuWF9KNKEijAy9oeHxU9IgzjvJhHkUzhaj7rOUD7+YGWqUjLp5oSA==",
            "dev": true
        },
        "has-ansi": {
            "version": "2.0.0",
            "resolved": "https://registry.npmjs.org/has-ansi/-/has-ansi-2.0.0.tgz",
            "integrity": "sha1-NPUEnOHs3ysGSa8+8k5F7TVBbZE=",
            "requires": {
                "ansi-regex": "^2.0.0"
            }
        },
        "has-flag": {
            "version": "3.0.0",
            "resolved": "https://registry.npmjs.org/has-flag/-/has-flag-3.0.0.tgz",
            "integrity": "sha1-tdRU3CGZriJWmfNGfloH87lVuv0=",
            "dev": true
        },
        "he": {
            "version": "1.1.1",
            "resolved": "https://registry.npmjs.org/he/-/he-1.1.1.tgz",
            "integrity": "sha1-k0EP0hsAlzUVH4howvJx80J+I/0=",
            "dev": true
        },
        "homedir-polyfill": {
            "version": "1.0.1",
            "resolved": "https://registry.npmjs.org/homedir-polyfill/-/homedir-polyfill-1.0.1.tgz",
            "integrity": "sha1-TCu8inWJmP7r9e1oWA921GdotLw=",
            "requires": {
                "parse-passwd": "^1.0.0"
            }
        },
        "inflight": {
            "version": "1.0.6",
            "resolved": "https://registry.npmjs.org/inflight/-/inflight-1.0.6.tgz",
            "integrity": "sha1-Sb1jMdfQLQwJvJEKEHW6gWW1bfk=",
            "dev": true,
            "requires": {
                "once": "^1.3.0",
                "wrappy": "1"
            }
        },
        "inherits": {
            "version": "2.0.3",
            "resolved": "https://registry.npmjs.org/inherits/-/inherits-2.0.3.tgz",
            "integrity": "sha1-Yzwsg+PaQqUC9SRmAiSA9CCCYd4="
        },
        "ini": {
            "version": "1.3.5",
            "resolved": "https://registry.npmjs.org/ini/-/ini-1.3.5.tgz",
            "integrity": "sha512-RZY5huIKCMRWDUqZlEi72f/lmXKMvuszcMBduliQ3nnWbx9X/ZBQO7DijMEYS9EhHBb2qacRUMtC7svLwe0lcw=="
        },
        "interpret": {
            "version": "0.6.6",
            "resolved": "https://registry.npmjs.org/interpret/-/interpret-0.6.6.tgz",
            "integrity": "sha1-/s16GOfOXKar+5U+H4YhOknxYls="
        },
        "is-buffer": {
            "version": "1.1.6",
            "resolved": "https://registry.npmjs.org/is-buffer/-/is-buffer-1.1.6.tgz",
            "integrity": "sha512-NcdALwpXkTm5Zvvbk7owOUSvVvBKDgKP5/ewfXEznmQFfs4ZRmanOeKBTjRVjka3QFoN6XJ+9F3USqfHqTaU5w=="
        },
        "is-dotfile": {
            "version": "1.0.3",
            "resolved": "https://registry.npmjs.org/is-dotfile/-/is-dotfile-1.0.3.tgz",
            "integrity": "sha1-pqLzL/0t+wT1yiXs0Pa4PPeYoeE="
        },
        "is-equal-shallow": {
            "version": "0.1.3",
            "resolved": "https://registry.npmjs.org/is-equal-shallow/-/is-equal-shallow-0.1.3.tgz",
            "integrity": "sha1-IjgJj8Ih3gvPpdnqxMRdY4qhxTQ=",
            "requires": {
                "is-primitive": "^2.0.0"
            }
        },
        "is-extendable": {
            "version": "0.1.1",
            "resolved": "https://registry.npmjs.org/is-extendable/-/is-extendable-0.1.1.tgz",
            "integrity": "sha1-YrEQ4omkcUGOPsNqYX1HLjAd/Ik="
        },
        "is-extglob": {
            "version": "1.0.0",
            "resolved": "https://registry.npmjs.org/is-extglob/-/is-extglob-1.0.0.tgz",
            "integrity": "sha1-rEaBd8SUNAWgkvyPKXYMb/xiBsA="
        },
        "is-glob": {
            "version": "2.0.1",
            "resolved": "https://registry.npmjs.org/is-glob/-/is-glob-2.0.1.tgz",
            "integrity": "sha1-0Jb5JqPe1WAPP9/ZEZjLCIjC2GM=",
            "requires": {
                "is-extglob": "^1.0.0"
            }
        },
        "is-number": {
            "version": "2.1.0",
            "resolved": "https://registry.npmjs.org/is-number/-/is-number-2.1.0.tgz",
            "integrity": "sha1-Afy7s5NGOlSPL0ZszhbezknbkI8=",
            "requires": {
                "kind-of": "^3.0.2"
            }
        },
        "is-posix-bracket": {
            "version": "0.1.1",
            "resolved": "https://registry.npmjs.org/is-posix-bracket/-/is-posix-bracket-0.1.1.tgz",
            "integrity": "sha1-MzTceXdDaOkvAW5vvAqI9c1ua8Q="
        },
        "is-primitive": {
            "version": "2.0.0",
            "resolved": "https://registry.npmjs.org/is-primitive/-/is-primitive-2.0.0.tgz",
            "integrity": "sha1-IHurkWOEmcB7Kt8kCkGochADRXU="
        },
        "is-windows": {
            "version": "0.2.0",
            "resolved": "https://registry.npmjs.org/is-windows/-/is-windows-0.2.0.tgz",
            "integrity": "sha1-3hqm1j6indJIc3tp8f+LgALSEIw="
        },
        "isarray": {
            "version": "1.0.0",
            "resolved": "https://registry.npmjs.org/isarray/-/isarray-1.0.0.tgz",
            "integrity": "sha1-u5NdSFgsuhaMBoNJV6VKPgcSTxE="
        },
        "isexe": {
            "version": "2.0.0",
            "resolved": "https://registry.npmjs.org/isexe/-/isexe-2.0.0.tgz",
            "integrity": "sha1-6PvzdNxVb/iUehDcsFctYz8s+hA="
        },
        "isobject": {
            "version": "2.1.0",
            "resolved": "https://registry.npmjs.org/isobject/-/isobject-2.1.0.tgz",
            "integrity": "sha1-8GVWEJaj8dou9GJy+BXIQNh+DIk=",
            "requires": {
                "isarray": "1.0.0"
            }
        },
        "kind-of": {
            "version": "3.2.2",
            "resolved": "https://registry.npmjs.org/kind-of/-/kind-of-3.2.2.tgz",
            "integrity": "sha1-MeohpzS6ubuw8yRm2JOupR5KPGQ=",
            "requires": {
                "is-buffer": "^1.1.5"
            }
        },
        "knex": {
            "version": "0.12.6",
            "resolved": "http://registry.npmjs.org/knex/-/knex-0.12.6.tgz",
            "integrity": "sha1-olXw6gOvLCyUaHpiLAiswalGPA4=",
            "requires": {
                "babel-runtime": "^6.11.6",
                "bluebird": "^3.4.6",
                "chalk": "^1.0.0",
                "commander": "^2.2.0",
                "debug": "^2.1.3",
                "generic-pool": "^2.4.2",
                "inherits": "~2.0.1",
                "interpret": "^0.6.5",
                "liftoff": "~2.2.0",
                "lodash": "^4.6.0",
                "minimist": "~1.1.0",
                "mkdirp": "^0.5.0",
                "node-uuid": "^1.4.7",
                "pg-connection-string": "^0.1.3",
                "readable-stream": "^1.1.12",
                "tildify": "~1.0.0",
                "v8flags": "^2.0.2"
            },
            "dependencies": {
                "bluebird": {
                    "version": "3.5.3",
                    "resolved": "https://registry.npmjs.org/bluebird/-/bluebird-3.5.3.tgz",
                    "integrity": "sha512-/qKPUQlaW1OyR51WeCPBvRnAlnZFUJkCSG5HzGnuIqhgyJtF+T94lFnn33eiazjRm2LAHVy2guNnaq48X9SJuw=="
                }
            }
        },
        "liftoff": {
            "version": "2.2.5",
            "resolved": "https://registry.npmjs.org/liftoff/-/liftoff-2.2.5.tgz",
            "integrity": "sha1-mYwods/0hLED5EI7k9NW2kRzTJE=",
            "requires": {
                "extend": "^3.0.0",
                "findup-sync": "^0.4.2",
                "flagged-respawn": "^0.3.2",
                "rechoir": "^0.6.2",
                "resolve": "^1.1.7"
            }
        },
        "lodash": {
            "version": "4.17.5",
            "resolved": "https://registry.npmjs.org/lodash/-/lodash-4.17.5.tgz",
            "integrity": "sha512-svL3uiZf1RwhH+cWrfZn3A4+U58wbP0tGVTLQPbjplZxZ8ROD9VLuNgsRniTlLe7OlSqR79RUehXgpBW/s0IQw=="
        },
        "math-random": {
            "version": "1.0.1",
            "resolved": "https://registry.npmjs.org/math-random/-/math-random-1.0.1.tgz",
            "integrity": "sha1-izqsWIuKZuSXXjzepn97sylgH6w="
        },
        "micromatch": {
            "version": "2.3.11",
            "resolved": "https://registry.npmjs.org/micromatch/-/micromatch-2.3.11.tgz",
            "integrity": "sha1-hmd8l9FyCzY0MdBNDRUpO9OMFWU=",
            "requires": {
                "arr-diff": "^2.0.0",
                "array-unique": "^0.2.1",
                "braces": "^1.8.2",
                "expand-brackets": "^0.1.4",
                "extglob": "^0.3.1",
                "filename-regex": "^2.0.0",
                "is-extglob": "^1.0.0",
                "is-glob": "^2.0.1",
                "kind-of": "^3.0.2",
                "normalize-path": "^2.0.1",
                "object.omit": "^2.0.0",
                "parse-glob": "^3.0.4",
                "regex-cache": "^0.4.2"
            }
        },
        "minimatch": {
            "version": "3.0.4",
            "resolved": "https://registry.npmjs.org/minimatch/-/minimatch-3.0.4.tgz",
            "integrity": "sha512-yJHVQEhyqPLUTgt9B83PXu6W3rx4MvvHvSUvToogpwoGDOUQ+yDrR0HRot+yOCdCO7u4hX3pWft6kWBBcqh0UA==",
            "dev": true,
            "requires": {
                "brace-expansion": "^1.1.7"
            }
        },
        "minimist": {
            "version": "1.1.3",
            "resolved": "http://registry.npmjs.org/minimist/-/minimist-1.1.3.tgz",
            "integrity": "sha1-O+39kaktOQFvz6ocaB6Pqhoe/ag="
        },
        "mkdirp": {
            "version": "0.5.1",
            "resolved": "http://registry.npmjs.org/mkdirp/-/mkdirp-0.5.1.tgz",
            "integrity": "sha1-MAV0OOrGz3+MR2fzhkjWaX11yQM=",
            "requires": {
                "minimist": "0.0.8"
            },
            "dependencies": {
                "minimist": {
                    "version": "0.0.8",
                    "resolved": "http://registry.npmjs.org/minimist/-/minimist-0.0.8.tgz",
                    "integrity": "sha1-hX/Kv8M5fSYluCKCYuhqp6ARsF0="
                }
            }
        },
        "mocha": {
            "version": "5.2.0",
            "resolved": "https://registry.npmjs.org/mocha/-/mocha-5.2.0.tgz",
            "integrity": "sha512-2IUgKDhc3J7Uug+FxMXuqIyYzH7gJjXECKe/w43IGgQHTSj3InJi+yAA7T24L9bQMRKiUEHxEX37G5JpVUGLcQ==",
            "dev": true,
            "requires": {
                "browser-stdout": "1.3.1",
                "commander": "2.15.1",
                "debug": "3.1.0",
                "diff": "3.5.0",
                "escape-string-regexp": "1.0.5",
                "glob": "7.1.2",
                "growl": "1.10.5",
                "he": "1.1.1",
                "minimatch": "3.0.4",
                "mkdirp": "0.5.1",
                "supports-color": "5.4.0"
            },
            "dependencies": {
                "commander": {
                    "version": "2.15.1",
                    "resolved": "http://registry.npmjs.org/commander/-/commander-2.15.1.tgz",
                    "integrity": "sha512-VlfT9F3V0v+jr4yxPc5gg9s62/fIVWsd2Bk2iD435um1NlGMYdVCq+MjcXnhYq2icNOizHr1kK+5TI6H0Hy0ag==",
                    "dev": true
                },
                "debug": {
                    "version": "3.1.0",
                    "resolved": "https://registry.npmjs.org/debug/-/debug-3.1.0.tgz",
                    "integrity": "sha512-OX8XqP7/1a9cqkxYw2yXss15f26NKWBpDXQd0/uK/KPqdQhxbPa994hnzjcE2VqQpDslf55723cKPUOGSmMY3g==",
                    "dev": true,
                    "requires": {
                        "ms": "2.0.0"
                    }
                },
                "supports-color": {
                    "version": "5.4.0",
                    "resolved": "https://registry.npmjs.org/supports-color/-/supports-color-5.4.0.tgz",
                    "integrity": "sha512-zjaXglF5nnWpsq470jSv6P9DwPvgLkuapYmfDm3JWOm0vkNTVF2tI4UrN2r6jH1qM/uc/WtxYY1hYoA2dOKj5w==",
                    "dev": true,
                    "requires": {
                        "has-flag": "^3.0.0"
                    }
                }
            }
        },
        "moment": {
            "version": "2.19.3",
            "resolved": "https://registry.npmjs.org/moment/-/moment-2.19.3.tgz",
            "integrity": "sha1-vbmdJw1tf9p4zA+6zoVeJ/59pp8="
        },
        "ms": {
            "version": "2.0.0",
            "resolved": "https://registry.npmjs.org/ms/-/ms-2.0.0.tgz",
            "integrity": "sha1-VgiurfwAvmwpAd9fmGF4jeDVl8g="
        },
        "node-uuid": {
            "version": "1.4.8",
            "resolved": "https://registry.npmjs.org/node-uuid/-/node-uuid-1.4.8.tgz",
            "integrity": "sha1-sEDrCSOWivq/jTL7HxfxFn/auQc="
        },
        "normalize-path": {
            "version": "2.1.1",
            "resolved": "https://registry.npmjs.org/normalize-path/-/normalize-path-2.1.1.tgz",
            "integrity": "sha1-GrKLVW4Zg2Oowab35vogE3/mrtk=",
            "requires": {
                "remove-trailing-separator": "^1.0.1"
            }
        },
        "object.omit": {
            "version": "2.0.1",
            "resolved": "https://registry.npmjs.org/object.omit/-/object.omit-2.0.1.tgz",
            "integrity": "sha1-Gpx0SCnznbuFjHbKNXmuKlTr0fo=",
            "requires": {
                "for-own": "^0.1.4",
                "is-extendable": "^0.1.1"
            }
        },
        "once": {
            "version": "1.4.0",
            "resolved": "https://registry.npmjs.org/once/-/once-1.4.0.tgz",
            "integrity": "sha1-WDsap3WWHUsROsF9nFC6753Xa9E=",
            "dev": true,
            "requires": {
                "wrappy": "1"
            }
        },
        "os-homedir": {
            "version": "1.0.2",
            "resolved": "http://registry.npmjs.org/os-homedir/-/os-homedir-1.0.2.tgz",
            "integrity": "sha1-/7xJiDNuDoM94MFox+8VISGqf7M="
        },
        "packet-reader": {
            "version": "0.3.1",
            "resolved": "https://registry.npmjs.org/packet-reader/-/packet-reader-0.3.1.tgz",
            "integrity": "sha1-zWLmCvjX/qinBexP+ZCHHEaHHyc="
        },
        "parse-glob": {
            "version": "3.0.4",
            "resolved": "https://registry.npmjs.org/parse-glob/-/parse-glob-3.0.4.tgz",
            "integrity": "sha1-ssN2z7EfNVE7rdFz7wu246OIORw=",
            "requires": {
                "glob-base": "^0.3.0",
                "is-dotfile": "^1.0.0",
                "is-extglob": "^1.0.0",
                "is-glob": "^2.0.0"
            }
        },
        "parse-passwd": {
            "version": "1.0.0",
            "resolved": "https://registry.npmjs.org/parse-passwd/-/parse-passwd-1.0.0.tgz",
            "integrity": "sha1-bVuTSkVpk7I9N/QKOC1vFmao5cY="
        },
        "path-is-absolute": {
            "version": "1.0.1",
            "resolved": "http://registry.npmjs.org/path-is-absolute/-/path-is-absolute-1.0.1.tgz",
            "integrity": "sha1-F0uSaHNVNP+8es5r9TpanhtcX18=",
            "dev": true
        },
        "path-parse": {
            "version": "1.0.6",
            "resolved": "https://registry.npmjs.org/path-parse/-/path-parse-1.0.6.tgz",
            "integrity": "sha512-GSmOT2EbHrINBf9SR7CDELwlJ8AENk3Qn7OikK4nFYAu3Ote2+JYNVvkpAEQm3/TLNEJFD/xZJjzyxg3KBWOzw=="
        },
        "pg": {
            "version": "7.6.1",
            "resolved": "https://registry.npmjs.org/pg/-/pg-7.6.1.tgz",
            "integrity": "sha512-rAItIkYrRaNGinZN/Hs8F9R5mQjQSPlnzxPF+eCimSl92qnuNGR42gkpOQKP1bnvTwkSjRTBL+VNC5EcFhtCuQ==",
            "requires": {
                "buffer-writer": "2.0.0",
                "packet-reader": "0.3.1",
                "pg-connection-string": "0.1.3",
                "pg-pool": "~2.0.3",
                "pg-types": "~1.12.1",
                "pgpass": "1.x",
                "semver": "4.3.2"
            }
        },
        "pg-connection-string": {
            "version": "0.1.3",
            "resolved": "https://registry.npmjs.org/pg-connection-string/-/pg-connection-string-0.1.3.tgz",
            "integrity": "sha1-2hhHsglA5C7hSSvq9l1J2RskXfc="
        },
        "pg-pool": {
            "version": "2.0.4",
            "resolved": "https://registry.npmjs.org/pg-pool/-/pg-pool-2.0.4.tgz",
            "integrity": "sha512-Mi2AsmlFkVMpI28NreaDkz5DkfxLOG16C/HNwi091LDlOiDiQACtAroLxSd1vIS2imBqxdjjO9cQZg2CwsOPbw=="
        },
        "pg-types": {
            "version": "1.12.1",
            "resolved": "https://registry.npmjs.org/pg-types/-/pg-types-1.12.1.tgz",
            "integrity": "sha1-1kCH45A7WP+q0nnnWVxSIIoUw9I=",
            "requires": {
                "postgres-array": "~1.0.0",
                "postgres-bytea": "~1.0.0",
                "postgres-date": "~1.0.0",
                "postgres-interval": "^1.1.0"
            }
        },
        "pgpass": {
            "version": "1.0.2",
            "resolved": "https://registry.npmjs.org/pgpass/-/pgpass-1.0.2.tgz",
            "integrity": "sha1-Knu0G2BltnkH6R2hsHwYR8h3swY=",
            "requires": {
                "split": "^1.0.0"
            }
        },
        "postgres-array": {
            "version": "1.0.3",
            "resolved": "https://registry.npmjs.org/postgres-array/-/postgres-array-1.0.3.tgz",
            "integrity": "sha512-5wClXrAP0+78mcsNX3/ithQ5exKvCyK5lr5NEEEeGwwM6NJdQgzIJBVxLvRW+huFpX92F2QnZ5CcokH0VhK2qQ=="
        },
        "postgres-bytea": {
            "version": "1.0.0",
            "resolved": "https://registry.npmjs.org/postgres-bytea/-/postgres-bytea-1.0.0.tgz",
            "integrity": "sha1-AntTPAqokOJtFy1Hz5zOzFIazTU="
        },
        "postgres-date": {
            "version": "1.0.3",
            "resolved": "https://registry.npmjs.org/postgres-date/-/postgres-date-1.0.3.tgz",
            "integrity": "sha1-4tiXAu/bJY/52c7g/pG9BpdSV6g="
        },
        "postgres-interval": {
            "version": "1.1.2",
            "resolved": "https://registry.npmjs.org/postgres-interval/-/postgres-interval-1.1.2.tgz",
            "integrity": "sha512-fC3xNHeTskCxL1dC8KOtxXt7YeFmlbTYtn7ul8MkVERuTmf7pI4DrkAxcw3kh1fQ9uz4wQmd03a1mRiXUZChfQ==",
            "requires": {
                "xtend": "^4.0.0"
            }
        },
        "preserve": {
            "version": "0.2.0",
            "resolved": "https://registry.npmjs.org/preserve/-/preserve-0.2.0.tgz",
            "integrity": "sha1-gV7R9uvGWSb4ZbMQwHE7yzMVzks="
        },
        "randomatic": {
            "version": "3.1.1",
            "resolved": "https://registry.npmjs.org/randomatic/-/randomatic-3.1.1.tgz",
            "integrity": "sha512-TuDE5KxZ0J461RVjrJZCJc+J+zCkTb1MbH9AQUq68sMhOMcy9jLcb3BrZKgp9q9Ncltdg4QVqWrH02W2EFFVYw==",
            "requires": {
                "is-number": "^4.0.0",
                "kind-of": "^6.0.0",
                "math-random": "^1.0.1"
            },
            "dependencies": {
                "is-number": {
                    "version": "4.0.0",
                    "resolved": "https://registry.npmjs.org/is-number/-/is-number-4.0.0.tgz",
                    "integrity": "sha512-rSklcAIlf1OmFdyAqbnWTLVelsQ58uvZ66S/ZyawjWqIviTWCjg2PzVGw8WUA+nNuPTqb4wgA+NszrJ+08LlgQ=="
                },
                "kind-of": {
                    "version": "6.0.2",
                    "resolved": "https://registry.npmjs.org/kind-of/-/kind-of-6.0.2.tgz",
                    "integrity": "sha512-s5kLOcnH0XqDO+FvuaLX8DDjZ18CGFk7VygH40QoKPUQhW4e2rvM0rwUq0t8IQDOwYSeLK01U90OjzBTme2QqA=="
                }
            }
        },
        "readable-stream": {
            "version": "1.1.14",
            "resolved": "http://registry.npmjs.org/readable-stream/-/readable-stream-1.1.14.tgz",
            "integrity": "sha1-fPTFTvZI44EwhMY23SB54WbAgdk=",
            "requires": {
                "core-util-is": "~1.0.0",
                "inherits": "~2.0.1",
                "isarray": "0.0.1",
                "string_decoder": "~0.10.x"
            },
            "dependencies": {
                "isarray": {
                    "version": "0.0.1",
                    "resolved": "https://registry.npmjs.org/isarray/-/isarray-0.0.1.tgz",
                    "integrity": "sha1-ihis/Kmo9Bd+Cav8YDiTmwXR7t8="
                }
            }
        },
        "rechoir": {
            "version": "0.6.2",
            "resolved": "https://registry.npmjs.org/rechoir/-/rechoir-0.6.2.tgz",
            "integrity": "sha1-hSBLVNuoLVdC4oyWdW70OvUOM4Q=",
            "requires": {
                "resolve": "^1.1.6"
            }
        },
        "regenerator-runtime": {
            "version": "0.11.1",
            "resolved": "https://registry.npmjs.org/regenerator-runtime/-/regenerator-runtime-0.11.1.tgz",
            "integrity": "sha512-MguG95oij0fC3QV3URf4V2SDYGJhJnJGqvIIgdECeODCT98wSWDAJ94SSuVpYQUoTcGUIL6L4yNB7j1DFFHSBg=="
        },
        "regex-cache": {
            "version": "0.4.4",
            "resolved": "https://registry.npmjs.org/regex-cache/-/regex-cache-0.4.4.tgz",
            "integrity": "sha512-nVIZwtCjkC9YgvWkpM55B5rBhBYRZhAaJbgcFYXXsHnbZ9UZI9nnVWYZpBlCqv9ho2eZryPnWrZGsOdPwVWXWQ==",
            "requires": {
                "is-equal-shallow": "^0.1.3"
            }
        },
        "remove-trailing-separator": {
            "version": "1.1.0",
            "resolved": "https://registry.npmjs.org/remove-trailing-separator/-/remove-trailing-separator-1.1.0.tgz",
            "integrity": "sha1-wkvOKig62tW8P1jg1IJJuSN52O8="
        },
        "repeat-element": {
            "version": "1.1.3",
            "resolved": "https://registry.npmjs.org/repeat-element/-/repeat-element-1.1.3.tgz",
            "integrity": "sha512-ahGq0ZnV5m5XtZLMb+vP76kcAM5nkLqk0lpqAuojSKGgQtn4eRi4ZZGm2olo2zKFH+sMsWaqOCW1dqAnOru72g=="
        },
        "repeat-string": {
            "version": "1.6.1",
            "resolved": "https://registry.npmjs.org/repeat-string/-/repeat-string-1.6.1.tgz",
            "integrity": "sha1-jcrkcOHIirwtYA//Sndihtp15jc="
        },
        "resolve": {
            "version": "1.8.1",
            "resolved": "https://registry.npmjs.org/resolve/-/resolve-1.8.1.tgz",
            "integrity": "sha512-AicPrAC7Qu1JxPCZ9ZgCZlY35QgFnNqc+0LtbRNxnVw4TXvjQ72wnuL9JQcEBgXkI9JM8MsT9kaQoHcpCRJOYA==",
            "requires": {
                "path-parse": "^1.0.5"
            }
        },
        "resolve-dir": {
            "version": "0.1.1",
            "resolved": "https://registry.npmjs.org/resolve-dir/-/resolve-dir-0.1.1.tgz",
            "integrity": "sha1-shklmlYC+sXFxJatiUpujMQwJh4=",
            "requires": {
                "expand-tilde": "^1.2.2",
                "global-modules": "^0.2.3"
            }
        },
        "semver": {
            "version": "4.3.2",
            "resolved": "http://registry.npmjs.org/semver/-/semver-4.3.2.tgz",
            "integrity": "sha1-x6BxWKgL7dBSNVt3DYLWZA+AO+c="
        },
        "split": {
            "version": "1.0.1",
            "resolved": "https://registry.npmjs.org/split/-/split-1.0.1.tgz",
            "integrity": "sha512-mTyOoPbrivtXnwnIxZRFYRrPNtEFKlpB2fvjSnCQUiAA6qAZzqwna5envK4uk6OIeP17CsdF3rSBGYVBsU0Tkg==",
            "requires": {
                "through": "2"
            }
        },
        "string_decoder": {
            "version": "0.10.31",
            "resolved": "https://registry.npmjs.org/string_decoder/-/string_decoder-0.10.31.tgz",
            "integrity": "sha1-YuIDvEF2bGwoyfyEMB2rHFMQ+pQ="
        },
        "strip-ansi": {
            "version": "3.0.1",
            "resolved": "http://registry.npmjs.org/strip-ansi/-/strip-ansi-3.0.1.tgz",
            "integrity": "sha1-ajhfuIU9lS1f8F0Oiq+UJ43GPc8=",
            "requires": {
                "ansi-regex": "^2.0.0"
            }
        },
        "supports-color": {
            "version": "2.0.0",
            "resolved": "https://registry.npmjs.org/supports-color/-/supports-color-2.0.0.tgz",
            "integrity": "sha1-U10EXOa2Nj+kARcIRimZXp3zJMc="
        },
        "through": {
            "version": "2.3.8",
            "resolved": "http://registry.npmjs.org/through/-/through-2.3.8.tgz",
            "integrity": "sha1-DdTJ/6q8NXlgsbckEV1+Doai4fU="
        },
        "tildify": {
            "version": "1.0.0",
            "resolved": "https://registry.npmjs.org/tildify/-/tildify-1.0.0.tgz",
            "integrity": "sha1-KgIdtej73gqPi03zetqo+x05190=",
            "requires": {
                "user-home": "^1.0.0"
            }
        },
        "type-detect": {
            "version": "0.1.1",
            "resolved": "https://registry.npmjs.org/type-detect/-/type-detect-0.1.1.tgz",
            "integrity": "sha1-C6XsKohWQORw6k6FBZcZANrFiCI=",
            "dev": true
        },
        "user-home": {
            "version": "1.1.1",
            "resolved": "https://registry.npmjs.org/user-home/-/user-home-1.1.1.tgz",
            "integrity": "sha1-K1viOjK2Onyd640PKNSFcko98ZA="
        },
        "v8flags": {
            "version": "2.1.1",
            "resolved": "https://registry.npmjs.org/v8flags/-/v8flags-2.1.1.tgz",
            "integrity": "sha1-qrGh+jDUX4jdMhFIh1rALAtV5bQ=",
            "requires": {
                "user-home": "^1.1.1"
            }
        },
        "which": {
            "version": "1.3.1",
            "resolved": "https://registry.npmjs.org/which/-/which-1.3.1.tgz",
            "integrity": "sha512-HxJdYWq1MTIQbJ3nw0cqssHoTNU267KlrDuGZ1WYlxDStUtKUhOaJmh112/TZmHxxUfuJqPXSOm7tDyas0OSIQ==",
            "requires": {
                "isexe": "^2.0.0"
            }
        },
        "wrappy": {
            "version": "1.0.2",
            "resolved": "https://registry.npmjs.org/wrappy/-/wrappy-1.0.2.tgz",
            "integrity": "sha1-tSQ9jz7BqjXxNkYFvA0QNuMKtp8=",
            "dev": true
        },
        "xtend": {
            "version": "4.0.1",
            "resolved": "https://registry.npmjs.org/xtend/-/xtend-4.0.1.tgz",
            "integrity": "sha1-pcbVMr5lbiPbgg77lDofBJmNY68="
        }
    }
}
